PODS:
  - Capacitor (5.2.2):
    - CapacitorCordova
  - CapacitorApp (5.0.6):
    - Capacitor
  - CapacitorCordova (5.2.2)
  - CapacitorHaptics (5.0.6):
    - Capacitor
  - CapacitorKeyboard (5.0.6):
    - Capacitor
  - CapacitorStatusBar (5.0.6):
    - Capacitor
  - CordovaPlugins (5.2.2):
    - CapacitorCordova

DEPENDENCIES:
  - "Capacitor (from `../../node_modules/@capacitor/ios`)"
  - "CapacitorApp (from `../../node_modules/@capacitor/app`)"
  - "CapacitorCordova (from `../../node_modules/@capacitor/ios`)"
  - "CapacitorHaptics (from `../../node_modules/@capacitor/haptics`)"
  - "CapacitorKeyboard (from `../../node_modules/@capacitor/keyboard`)"
  - "CapacitorStatusBar (from `../../node_modules/@capacitor/status-bar`)"
  - CordovaPlugins (from `../capacitor-cordova-ios-plugins`)

EXTERNAL SOURCES:
  Capacitor:
    :path: "../../node_modules/@capacitor/ios"
  CapacitorApp:
    :path: "../../node_modules/@capacitor/app"
  CapacitorCordova:
    :path: "../../node_modules/@capacitor/ios"
  CapacitorHaptics:
    :path: "../../node_modules/@capacitor/haptics"
  CapacitorKeyboard:
    :path: "../../node_modules/@capacitor/keyboard"
  CapacitorStatusBar:
    :path: "../../node_modules/@capacitor/status-bar"
  CordovaPlugins:
    :path: "../capacitor-cordova-ios-plugins"

SPEC CHECKSUMS:
  Capacitor: 070b18988e0f566728ae9a5eb3a7a974595f1626
  CapacitorApp: 963d90cb449803d58efc33bb515c81151e69159d
  CapacitorCordova: 3773395d5331add072300ff6041ca2cf7b93cb0b
  CapacitorHaptics: 186982679c5f4005d1e6d2c719b8251c0d3a6df8
  CapacitorKeyboard: 2f3296af2bc929a5069f02ed264fdce58ed62028
  CapacitorStatusBar: a73a9ae0dd2ca30ee429782d5d3ae82dcfa80207
  CordovaPlugins: dffeb1c1e757fc845361d098785acb718f12a19d

PODFILE CHECKSUM: 0381d09167db361ed446a10f049fd27bab1b40b1

COCOAPODS: 1.13.0
